// !$*UTF8*$!
{
	archiveVersion = 1;
	classes = {
	};
	objectVersion = 46;
	objects = {

/* Begin PBXBuildFile section */
		FE1BED641BB7E36A0020BCDB /* tree-01.png in Resources */ = {isa = PBXBuildFile; fileRef = FE1BED631BB7E36A0020BCDB /* tree-01.png */; settings = {ASSET_TAGS = (); }; };
		FEDB746C1B56A25C003DDB79 /* main.m in Sources */ = {isa = PBXBuildFile; fileRef = FEDB746B1B56A25C003DDB79 /* main.m */; };
		FEDB746F1B56A25C003DDB79 /* AppDelegate.m in Sources */ = {isa = PBXBuildFile; fileRef = FEDB746E1B56A25C003DDB79 /* AppDelegate.m */; };
		FEDB74721B56A25C003DDB79 /* ViewController.m in Sources */ = {isa = PBXBuildFile; fileRef = FEDB74711B56A25C003DDB79 /* ViewController.m */; };
		FEDB74751B56A25C003DDB79 /* Main.storyboard in Resources */ = {isa = PBXBuildFile; fileRef = FEDB74731B56A25C003DDB79 /* Main.storyboard */; };
		FEDB74771B56A25C003DDB79 /* Images.xcassets in Resources */ = {isa = PBXBuildFile; fileRef = FEDB74761B56A25C003DDB79 /* Images.xcassets */; };
		FEDB747A1B56A25C003DDB79 /* LaunchScreen.xib in Resources */ = {isa = PBXBuildFile; fileRef = FEDB74781B56A25C003DDB79 /* LaunchScreen.xib */; };
		FEDB74861B56A25C003DDB79 /* WSY_CoreTextTests.m in Sources */ = {isa = PBXBuildFile; fileRef = FEDB74851B56A25C003DDB79 /* WSY_CoreTextTests.m */; };
		FEDB74911B56A712003DDB79 /* WSCoreText.m in Sources */ = {isa = PBXBuildFile; fileRef = FEDB74901B56A712003DDB79 /* WSCoreText.m */; };
/* End PBXBuildFile section */

/* Begin PBXContainerItemProxy section */
		FEDB74801B56A25C003DDB79 /* PBXContainerItemProxy */ = {
			isa = PBXContainerItemProxy;
			containerPortal = FEDB745E1B56A25C003DDB79 /* Project object */;
			proxyType = 1;
			remoteGlobalIDString = FEDB74651B56A25C003DDB79;
			remoteInfo = WSY_CoreText;
		};
/* End PBXContainerItemProxy section */

/* Begin PBXFileReference section */
		FE1BED631BB7E36A0020BCDB /* tree-01.png */ = {isa = PBXFileReference; lastKnownFileType = image.png; path = "tree-01.png"; sourceTree = "<group>"; };
		FEDB74661B56A25C003DDB79 /* WSY_CoreText.app */ = {isa = PBXFileReference; explicitFileType = wrapper.application; includeInIndex = 0; path = WSY_CoreText.app; sourceTree = BUILT_PRODUCTS_DIR; };
		FEDB746A1B56A25C003DDB79 /* Info.plist */ = {isa = PBXFileReference; lastKnownFileType = text.plist.xml; path = Info.plist; sourceTree = "<group>"; };
		FEDB746B1B56A25C003DDB79 /* main.m */ = {isa = PBXFileReference; lastKnownFileType = sourcecode.c.objc; path = main.m; sourceTree = "<group>"; };
		FEDB746D1B56A25C003DDB79 /* AppDelegate.h */ = {isa = PBXFileReference; lastKnownFileType = sourcecode.c.h; path = AppDelegate.h; sourceTree = "<group>"; };
		FEDB746E1B56A25C003DDB79 /* AppDelegate.m */ = {isa = PBXFileReference; lastKnownFileType = sourcecode.c.objc; path = AppDelegate.m; sourceTree = "<group>"; };
		FEDB74701B56A25C003DDB79 /* ViewController.h */ = {isa = PBXFileReference; lastKnownFileType = sourcecode.c.h; path = ViewController.h; sourceTree = "<group>"; };
		FEDB74711B56A25C003DDB79 /* ViewController.m */ = {isa = PBXFileReference; lastKnownFileType = sourcecode.c.objc; path = ViewController.m; sourceTree = "<group>"; };
		FEDB74741B56A25C003DDB79 /* Base */ = {isa = PBXFileReference; lastKnownFileType = file.storyboard; name = Base; path = Base.lproj/Main.storyboard; sourceTree = "<group>"; };
		FEDB74761B56A25C003DDB79 /* Images.xcassets */ = {isa = PBXFileReference; lastKnownFileType = folder.assetcatalog; path = Images.xcassets; sourceTree = "<group>"; };
		FEDB74791B56A25C003DDB79 /* Base */ = {isa = PBXFileReference; lastKnownFileType = file.xib; name = Base; path = Base.lproj/LaunchScreen.xib; sourceTree = "<group>"; };
		FEDB747F1B56A25C003DDB79 /* WSY_CoreTextTests.xctest */ = {isa = PBXFileReference; explicitFileType = wrapper.cfbundle; includeInIndex = 0; path = WSY_CoreTextTests.xctest; sourceTree = BUILT_PRODUCTS_DIR; };
		FEDB74841B56A25C003DDB79 /* Info.plist */ = {isa = PBXFileReference; lastKnownFileType = text.plist.xml; path = Info.plist; sourceTree = "<group>"; };
		FEDB74851B56A25C003DDB79 /* WSY_CoreTextTests.m */ = {isa = PBXFileReference; lastKnownFileType = sourcecode.c.objc; path = WSY_CoreTextTests.m; sourceTree = "<group>"; };
		FEDB748F1B56A712003DDB79 /* WSCoreText.h */ = {isa = PBXFileReference; fileEncoding = 4; lastKnownFileType = sourcecode.c.h; path = WSCoreText.h; sourceTree = "<group>"; };
		FEDB74901B56A712003DDB79 /* WSCoreText.m */ = {isa = PBXFileReference; fileEncoding = 4; lastKnownFileType = sourcecode.c.objc; path = WSCoreText.m; sourceTree = "<group>"; };
/* End PBXFileReference section */

/* Begin PBXFrameworksBuildPhase section */
		FEDB74631B56A25C003DDB79 /* Frameworks */ = {
			isa = PBXFrameworksBuildPhase;
			buildActionMask = 2147483647;
			files = (
			);
			runOnlyForDeploymentPostprocessing = 0;
		};
		FEDB747C1B56A25C003DDB79 /* Frameworks */ = {
			isa = PBXFrameworksBuildPhase;
			buildActionMask = 2147483647;
			files = (
			);
			runOnlyForDeploymentPostprocessing = 0;
		};
/* End PBXFrameworksBuildPhase section */

/* Begin PBXGroup section */
		FEDB745D1B56A25C003DDB79 = {
			isa = PBXGroup;
			children = (
				FEDB74681B56A25C003DDB79 /* WSY_CoreText */,
				FEDB74821B56A25C003DDB79 /* WSY_CoreTextTests */,
				FEDB74671B56A25C003DDB79 /* Products */,
			);
			sourceTree = "<group>";
		};
		FEDB74671B56A25C003DDB79 /* Products */ = {
			isa = PBXGroup;
			children = (
				FEDB74661B56A25C003DDB79 /* WSY_CoreText.app */,
				FEDB747F1B56A25C003DDB79 /* WSY_CoreTextTests.xctest */,
			);
			name = Products;
			sourceTree = "<group>";
		};
		FEDB74681B56A25C003DDB79 /* WSY_CoreText */ = {
			isa = PBXGroup;
			children = (
				FEDB746D1B56A25C003DDB79 /* AppDelegate.h */,
				FEDB746E1B56A25C003DDB79 /* AppDelegate.m */,
				FEDB74701B56A25C003DDB79 /* ViewController.h */,
				FEDB74711B56A25C003DDB79 /* ViewController.m */,
				FEDB748F1B56A712003DDB79 /* WSCoreText.h */,
				FEDB74901B56A712003DDB79 /* WSCoreText.m */,
				FEDB74731B56A25C003DDB79 /* Main.storyboard */,
				FE1BED631BB7E36A0020BCDB /* tree-01.png */,
				FEDB74761B56A25C003DDB79 /* Images.xcassets */,
				FEDB74781B56A25C003DDB79 /* LaunchScreen.xib */,
				FEDB74691B56A25C003DDB79 /* Supporting Files */,
			);
			path = WSY_CoreText;
			sourceTree = "<group>";
		};
		FEDB74691B56A25C003DDB79 /* Supporting Files */ = {
			isa = PBXGroup;
			children = (
				FEDB746A1B56A25C003DDB79 /* Info.plist */,
				FEDB746B1B56A25C003DDB79 /* main.m */,
			);
			name = "Supporting Files";
			sourceTree = "<group>";
		};
		FEDB74821B56A25C003DDB79 /* WSY_CoreTextTests */ = {
			isa = PBXGroup;
			children = (
				FEDB74851B56A25C003DDB79 /* WSY_CoreTextTests.m */,
				FEDB74831B56A25C003DDB79 /* Supporting Files */,
			);
			path = WSY_CoreTextTests;
			sourceTree = "<group>";
		};
		FEDB74831B56A25C003DDB79 /* Supporting Files */ = {
			isa = PBXGroup;
			children = (
				FEDB74841B56A25C003DDB79 /* Info.plist */,
			);
			name = "Supporting Files";
			sourceTree = "<group>";
		};
/* End PBXGroup section */

/* Begin PBXNativeTarget section */
		FEDB74651B56A25C003DDB79 /* WSY_CoreText */ = {
			isa = PBXNativeTarget;
			buildConfigurationList = FEDB74891B56A25C003DDB79 /* Build configuration list for PBXNativeTarget "WSY_CoreText" */;
			buildPhases = (
				FEDB74621B56A25C003DDB79 /* Sources */,
				FEDB74631B56A25C003DDB79 /* Frameworks */,
				FEDB74641B56A25C003DDB79 /* Resources */,
			);
			buildRules = (
			);
			dependencies = (
			);
			name = WSY_CoreText;
			productName = WSY_CoreText;
			productReference = FEDB74661B56A25C003DDB79 /* WSY_CoreText.app */;
			productType = "com.apple.product-type.application";
		};
		FEDB747E1B56A25C003DDB79 /* WSY_CoreTextTests */ = {
			isa = PBXNativeTarget;
			buildConfigurationList = FEDB748C1B56A25C003DDB79 /* Build configuration list for PBXNativeTarget "WSY_CoreTextTests" */;
			buildPhases = (
				FEDB747B1B56A25C003DDB79 /* Sources */,
				FEDB747C1B56A25C003DDB79 /* Frameworks */,
				FEDB747D1B56A25C003DDB79 /* Resources */,
			);
			buildRules = (
			);
			dependencies = (
				FEDB74811B56A25C003DDB79 /* PBXTargetDependency */,
			);
			name = WSY_CoreTextTests;
			productName = WSY_CoreTextTests;
			productReference = FEDB747F1B56A25C003DDB79 /* WSY_CoreTextTests.xctest */;
			productType = "com.apple.product-type.bundle.unit-test";
		};
/* End PBXNativeTarget section */

/* Begin PBXProject section */
		FEDB745E1B56A25C003DDB79 /* Project object */ = {
			isa = PBXProject;
			attributes = {
				LastUpgradeCheck = 0640;
				ORGANIZATIONNAME = "wilson-yuan";
				TargetAttributes = {
					FEDB74651B56A25C003DDB79 = {
						CreatedOnToolsVersion = 6.4;
					};
					FEDB747E1B56A25C003DDB79 = {
						CreatedOnToolsVersion = 6.4;
						TestTargetID = FEDB74651B56A25C003DDB79;
					};
				};
			};
			buildConfigurationList = FEDB74611B56A25C003DDB79 /* Build configuration list for PBXProject "WSY_CoreText" */;
			compatibilityVersion = "Xcode 3.2";
			developmentRegion = English;
			hasScannedForEncodings = 0;
			knownRegions = (
				en,
				Base,
			);
			mainGroup = FEDB745D1B56A25C003DDB79;
			productRefGroup = FEDB74671B56A25C003DDB79 /* Products */;
			projectDirPath = "";
			projectRoot = "";
			targets = (
				FEDB74651B56A25C003DDB79 /* WSY_CoreText */,
				FEDB747E1B56A25C003DDB79 /* WSY_CoreTextTests */,
			);
		};
/* End PBXProject section */

/* Begin PBXResourcesBuildPhase section */
		FEDB74641B56A25C003DDB79 /* Resources */ = {
			isa = PBXResourcesBuildPhase;
			buildActionMask = 2147483647;
			files = (
				FE1BED641BB7E36A0020BCDB /* tree-01.png in Resources */,
				FEDB74751B56A25C003DDB79 /* Main.storyboard in Resources */,
				FEDB747A1B56A25C003DDB79 /* LaunchScreen.xib in Resources */,
				FEDB74771B56A25C003DDB79 /* Images.xcassets in Resources */,
			);
			runOnlyForDeploymentPostprocessing = 0;
		};
		FEDB747D1B56A25C003DDB79 /* Resources */ = {
			isa = PBXResourcesBuildPhase;
			buildActionMask = 2147483647;
			files = (
			);
			runOnlyForDeploymentPostprocessing = 0;
		};
/* End PBXResourcesBuildPhase section */

/* Begin PBXSourcesBuildPhase section */
		FEDB74621B56A25C003DDB79 /* Sources */ = {
			isa = PBXSourcesBuildPhase;
			buildActionMask = 2147483647;
			files = (
				FEDB74721B56A25C003DDB79 /* ViewController.m in Sources */,
				FEDB746F1B56A25C003DDB79 /* AppDelegate.m in Sources */,
				FEDB746C1B56A25C003DDB79 /* main.m in Sources */,
				FEDB74911B56A712003DDB79 /* WSCoreText.m in Sources */,
			);
			runOnlyForDeploymentPostprocessing = 0;
		};
		FEDB747B1B56A25C003DDB79 /* Sources */ = {
			isa = PBXSourcesBuildPhase;
			buildActionMask = 2147483647;
			files = (
				FEDB74861B56A25C003DDB79 /* WSY_CoreTextTests.m in Sources */,
			);
			runOnlyForDeploymentPostprocessing = 0;
		};
/* End PBXSourcesBuildPhase section */

/* Begin PBXTargetDependency section */
		FEDB74811B56A25C003DDB79 /* PBXTargetDependency */ = {
			isa = PBXTargetDependency;
			target = FEDB74651B56A25C003DDB79 /* WSY_CoreText */;
			targetProxy = FEDB74801B56A25C003DDB79 /* PBXContainerItemProxy */;
		};
/* End PBXTargetDependency section */

/* Begin PBXVariantGroup section */
		FEDB74731B56A25C003DDB79 /* Main.storyboard */ = {
			isa = PBXVariantGroup;
			children = (
				FEDB74741B56A25C003DDB79 /* Base */,
			);
			name = Main.storyboard;
			sourceTree = "<group>";
		};
		FEDB74781B56A25C003DDB79 /* LaunchScreen.xib */ = {
			isa = PBXVariantGroup;
			children = (
				FEDB74791B56A25C003DDB79 /* Base */,
			);
			name = LaunchScreen.xib;
			sourceTree = "<group>";
		};
/* End PBXVariantGroup section */

/* Begin XCBuildConfiguration section */
		FEDB74871B56A25C003DDB79 /* Debug */ = {
			isa = XCBuildConfiguration;
			buildSettings = {
				ALWAYS_SEARCH_USER_PATHS = NO;
				CLANG_CXX_LANGUAGE_STANDARD = "gnu++0x";
				CLANG_CXX_LIBRARY = "libc++";
				CLANG_ENABLE_MODULES = YES;
				CLANG_ENABLE_OBJC_ARC = YES;
				CLANG_WARN_BOOL_CONVERSION = YES;
				CLANG_WARN_CONSTANT_CONVERSION = YES;
				CLANG_WARN_DIRECT_OBJC_ISA_USAGE = YES_ERROR;
				CLANG_WARN_EMPTY_BODY = YES;
				CLANG_WARN_ENUM_CONVERSION = YES;
				CLANG_WARN_INT_CONVERSION = YES;
				CLANG_WARN_OBJC_ROOT_CLASS = YES_ERROR;
				CLANG_WARN_UNREACHABLE_CODE = YES;
				CLANG_WARN__DUPLICATE_METHOD_MATCH = YES;
				"CODE_SIGN_IDENTITY[sdk=iphoneos*]" = "iPhone Developer";
				COPY_PHASE_STRIP = NO;
				DEBUG_INFORMATION_FORMAT = "dwarf-with-dsym";
				ENABLE_STRICT_OBJC_MSGSEND = YES;
				GCC_C_LANGUAGE_STANDARD = gnu99;
				GCC_DYNAMIC_NO_PIC = NO;
				GCC_NO_COMMON_BLOCKS = YES;
				GCC_OPTIMIZATION_LEVEL = 0;
				GCC_PREPROCESSOR_DEFINITIONS = (
					"DEBUG=1",
					"$(inherited)",
				);
				GCC_SYMBOLS_PRIVATE_EXTERN = NO;
				GCC_WARN_64_TO_32_BIT_CONVERSION = YES;
				GCC_WARN_ABOUT_RETURN_TYPE = YES_ERROR;
				GCC_WARN_UNDECLARED_SELECTOR = YES;
				GCC_WARN_UNINITIALIZED_AUTOS = YES_AGGRESSIVE;
				GCC_WARN_UNUSED_FUNCTION = YES;
				GCC_WARN_UNUSED_VARIABLE = YES;
				IPHONEOS_DEPLOYMENT_TARGET = 8.4;
				MTL_ENABLE_DEBUG_INFO = YES;
				ONLY_ACTIVE_ARCH = YES;
				SDKROOT = iphoneos;
				TARGETED_DEVICE_FAMILY = "1,2";
			};
			name = Debug;
		};
		FEDB74881B56A25C003DDB79 /* Release */ = {
			isa = XCBuildConfiguration;
			buildSettings = {
				ALWAYS_SEARCH_USER_PATHS = NO;
				CLANG_CXX_LANGUAGE_STANDARD = "gnu++0x";
				CLANG_CXX_LIBRARY = "libc++";
				CLANG_ENABLE_MODULES = YES;
				CLANG_ENABLE_OBJC_ARC = YES;
				CLANG_WARN_BOOL_CONVERSION = YES;
				CLANG_WARN_CONSTANT_CONVERSION = YES;
				CLANG_WARN_DIRECT_OBJC_ISA_USAGE = YES_ERROR;
				CLANG_WARN_EMPTY_BODY = YES;
				CLANG_WARN_ENUM_CONVERSION = YES;
				CLANG_WARN_INT_CONVERSION = YES;
				CLANG_WARN_OBJC_ROOT_CLASS = YES_ERROR;
				CLANG_WARN_UNREACHABLE_CODE = YES;
				CLANG_WARN__DUPLICATE_METHOD_MATCH = YES;
				"CODE_SIGN_IDENTITY[sdk=iphoneos*]" = "iPhone Developer";
				COPY_PHASE_STRIP = NO;
				DEBUG_INFORMATION_FORMAT = "dwarf-with-dsym";
				ENABLE_NS_ASSERTIONS = NO;
				ENABLE_STRICT_OBJC_MSGSEND = YES;
				GCC_C_LANGUAGE_STANDARD = gnu99;
				GCC_NO_COMMON_BLOCKS = YES;
				GCC_WARN_64_TO_32_BIT_CONVERSION = YES;
				GCC_WARN_ABOUT_RETURN_TYPE = YES_ERROR;
				GCC_WARN_UNDECLARED_SELECTOR = YES;
				GCC_WARN_UNINITIALIZED_AUTOS = YES_AGGRESSIVE;
				GCC_WARN_UNUSED_FUNCTION = YES;
				GCC_WARN_UNUSED_VARIABLE = YES;
				IPHONEOS_DEPLOYMENT_TARGET = 8.4;
				MTL_ENABLE_DEBUG_INFO = NO;
				SDKROOT = iphoneos;
				TARGETED_DEVICE_FAMILY = "1,2";
				VALIDATE_PRODUCT = YES;
			};
			name = Release;
		};
		FEDB748A1B56A25C003DDB79 /* Debug */ = {
			isa = XCBuildConfiguration;
			buildSettings = {
				ASSETCATALOG_COMPILER_APPICON_NAME = AppIcon;
				INFOPLIST_FILE = WSY_CoreText/Info.plist;
				LD_RUNPATH_SEARCH_PATHS = "$(inherited) @executable_path/Frameworks";
				PRODUCT_NAME = "$(TARGET_NAME)";
			};
			name = Debug;
		};
		FEDB748B1B56A25C003DDB79 /* Release */ = {
			isa = XCBuildConfiguration;
			buildSettings = {
				ASSETCATALOG_COMPILER_APPICON_NAME = AppIcon;
				INFOPLIST_FILE = WSY_CoreText/Info.plist;
				LD_RUNPATH_SEARCH_PATHS = "$(inherited) @executable_path/Frameworks";
				PRODUCT_NAME = "$(TARGET_NAME)";
			};
			name = Release;
		};
		FEDB748D1B56A25C003DDB79 /* Debug */ = {
			isa = XCBuildConfiguration;
			buildSettings = {
				BUNDLE_LOADER = "$(TEST_HOST)";
				FRAMEWORK_SEARCH_PATHS = (
					"$(SDKROOT)/Developer/Library/Frameworks",
					"$(inherited)",
				);
				GCC_PREPROCESSOR_DEFINITIONS = (
					"DEBUG=1",
					"$(inherited)",
				);
				INFOPLIST_FILE = WSY_CoreTextTests/Info.plist;
				LD_RUNPATH_SEARCH_PATHS = "$(inherited) @executable_path/Frameworks @loader_path/Frameworks";
				PRODUCT_NAME = "$(TARGET_NAME)";
				TEST_HOST = "$(BUILT_PRODUCTS_DIR)/WSY_CoreText.app/WSY_CoreText";
			};
			name = Debug;
		};
		FEDB748E1B56A25C003DDB79 /* Release */ = {
			isa = XCBuildConfiguration;
			buildSettings = {
				BUNDLE_LOADER = "$(TEST_HOST)";
				FRAMEWORK_SEARCH_PATHS = (
					"$(SDKROOT)/Developer/Library/Frameworks",
					"$(inherited)",
				);
				INFOPLIST_FILE = WSY_CoreTextTests/Info.plist;
				LD_RUNPATH_SEARCH_PATHS = "$(inherited) @executable_path/Frameworks @loader_path/Frameworks";
				PRODUCT_NAME = "$(TARGET_NAME)";
				TEST_HOST = "$(BUILT_PRODUCTS_DIR)/WSY_CoreText.app/WSY_CoreText";
			};
			name = Release;
		};
/* End XCBuildConfiguration section */

/* Begin XCConfigurationList section */
		FEDB74611B56A25C003DDB79 /* Build configuration list for PBXProject "WSY_CoreText" */ = {
			isa = XCConfigurationList;
			buildConfigurations = (
				FEDB74871B56A25C003DDB79 /* Debug */,
				FEDB74881B56A25C003DDB79 /* Release */,
			);
			defaultConfigurationIsVisible = 0;
			defaultConfigurationName = Release;
		};
		FEDB74891B56A25C003DDB79 /* Build configuration list for PBXNativeTarget "WSY_CoreText" */ = {
			isa = XCConfigurationList;
			buildConfigurations = (
				FEDB748A1B56A25C003DDB79 /* Debug */,
				FEDB748B1B56A25C003DDB79 /* Release */,
			);
			defaultConfigurationIsVisible = 0;
			defaultConfigurationName = Release;
		};
		FEDB748C1B56A25C003DDB79 /* Build configuration list for PBXNativeTarget "WSY_CoreTextTests" */ = {
			isa = XCConfigurationList;
			buildConfigurations = (
				FEDB748D1B56A25C003DDB79 /* Debug */,
				FEDB748E1B56A25C003DDB79 /* Release */,
			);
			defaultConfigurationIsVisible = 0;
			defaultConfigurationName = Release;
		};
/* End XCConfigurationList section */
	};
	rootObject = FEDB745E1B56A25C003DDB79 /* Project object */;
}
